
Microsoft Visual Studio Solution File, Format Version 12.00
# Visual Studio Version 16
VisualStudioVersion = 16.0.30114.105
MinimumVisualStudioVersion = 10.0.40219.1
Project("{2150E333-8FDC-42A3-9474-1A3956D46DE8}") = "src", "src", "{7D466C8A-FBBE-4234-8561-3D88346858B4}"
EndProject
Project("{FAE04EC0-301F-11D3-BF4B-00C04F79EFBC}") = "EquipBestItem", "src\EquipBestItem\EquipBestItem.csproj", "{2347E6FC-C710-458A-8601-DDDD91B66DEB}"
EndProject
Project("{2150E333-8FDC-42A3-9474-1A3956D46DE8}") = "tests", "tests", "{6821FFBE-11D6-4246-A9F5-770507D0F91B}"
EndProject
Project("{FAE04EC0-301F-11D3-BF4B-00C04F79EFBC}") = "EquipBestItem.Tests", "tests\EquipBestItem.Tests\EquipBestItem.Tests.csproj", "{797ABF05-1F78-4A4F-8416-D45C4F17314E}"
EndProject
Global
	GlobalSection(SolutionConfigurationPlatforms) = preSolution
		Debug|Any CPU = Debug|Any CPU
		Release|Any CPU = Release|Any CPU
	EndGlobalSection
	GlobalSection(SolutionProperties) = preSolution
		HideSolutionNode = FALSE
	EndGlobalSection
	GlobalSection(ProjectConfigurationPlatforms) = postSolution
		{2347E6FC-C710-458A-8601-DDDD91B66DEB}.Debug|Any CPU.ActiveCfg = Debug|x64
		{2347E6FC-C710-458A-8601-DDDD91B66DEB}.Debug|Any CPU.Build.0 = Debug|x64
		{2347E6FC-C710-458A-8601-DDDD91B66DEB}.Release|Any CPU.ActiveCfg = Release|x64
		{2347E6FC-C710-458A-8601-DDDD91B66DEB}.Release|Any CPU.Build.0 = Release|x64
		{797ABF05-1F78-4A4F-8416-D45C4F17314E}.Debug|Any CPU.ActiveCfg = Debug|Any CPU
		{797ABF05-1F78-4A4F-8416-D45C4F17314E}.Debug|Any CPU.Build.0 = Debug|Any CPU
		{797ABF05-1F78-4A4F-8416-D45C4F17314E}.Release|Any CPU.ActiveCfg = Release|Any CPU
		{797ABF05-1F78-4A4F-8416-D45C4F17314E}.Release|Any CPU.Build.0 = Release|Any CPU
	EndGlobalSection
	GlobalSection(NestedProjects) = preSolution
		{2347E6FC-C710-458A-8601-DDDD91B66DEB} = {7D466C8A-FBBE-4234-8561-3D88346858B4}
		{797ABF05-1F78-4A4F-8416-D45C4F17314E} = {6821FFBE-11D6-4246-A9F5-770507D0F91B}
	EndGlobalSection
EndGlobal

